<?xml version="1.0" encoding="utf-8"?>
<Project ToolsVersion="4.0" xmlns="http://schemas.microsoft.com/developer/msbuild/2003">
  <ItemGroup>
    <Filter Include="Source Files">
      <UniqueIdentifier>{4FC737F1-C7A5-4376-A066-2A32D752A2FF}</UniqueIdentifier>
      <Extensions>cpp;c;cc;cxx;def;odl;idl;hpj;bat;asm;asmx</Extensions>
    </Filter>
    <Filter Include="Resource Files">
      <UniqueIdentifier>{67DA6AB6-F800-4c08-8B7A-83BB121AAD01}</UniqueIdentifier>
      <Extensions>rc;ico;cur;bmp;dlg;rc2;rct;bin;rgs;gif;jpg;jpeg;jpe;resx;tiff;tif;png;wav;mfcribbon-ms</Extensions>
    </Filter>
    <Filter Include="Source Files\Title">
      <UniqueIdentifier>{77d95a80-f7de-4cf8-b4d8-913982529468}</UniqueIdentifier>
    </Filter>
    <Filter Include="Source Files\Item">
      <UniqueIdentifier>{f36c7156-4124-4a1e-8f31-5faf1c4e1d0f}</UniqueIdentifier>
    </Filter>
    <Filter Include="Source Files\map">
      <UniqueIdentifier>{b29f8e72-573b-49b0-a48f-ff0346bfe5bf}</UniqueIdentifier>
    </Filter>
    <Filter Include="Source Files\Gimmick">
      <UniqueIdentifier>{88ea7b20-6075-44cc-9902-227e45bd2c8a}</UniqueIdentifier>
    </Filter>
  </ItemGroup>
  <ItemGroup>
    <ClCompile Include="main.cpp">
      <Filter>Source Files</Filter>
    </ClCompile>
    <ClCompile Include="stdafx.cpp">
      <Filter>Source Files</Filter>
    </ClCompile>
    <ClCompile Include="GameCamera.cpp">
      <Filter>Source Files</Filter>
    </ClCompile>
    <ClCompile Include="Player.cpp">
      <Filter>Source Files</Filter>
    </ClCompile>
    <ClCompile Include="sky.cpp">
      <Filter>Source Files</Filter>
    </ClCompile>
    <ClCompile Include="Title.cpp">
      <Filter>Source Files\Title</Filter>
    </ClCompile>
    <ClCompile Include="Bomb.cpp">
      <Filter>Source Files\Item</Filter>
    </ClCompile>
    <ClCompile Include="HealingApple.cpp">
      <Filter>Source Files\Item</Filter>
    </ClCompile>
    <ClCompile Include="DebuffItem.cpp">
      <Filter>Source Files\Item</Filter>
    </ClCompile>
    <ClCompile Include="ItemBox.cpp">
      <Filter>Source Files\Item</Filter>
    </ClCompile>
    <ClCompile Include="Map.cpp">
      <Filter>Source Files\map</Filter>
    </ClCompile>
    <ClCompile Include="MapChip.cpp">
      <Filter>Source Files\map</Filter>
    </ClCompile>
    <ClCompile Include="HelmetLight.cpp">
      <Filter>Source Files\Item</Filter>
    </ClCompile>
    <ClCompile Include="HPBar.cpp">
      <Filter>Source Files</Filter>
    </ClCompile>
    <ClCompile Include="ItemShow.cpp">
      <Filter>Source Files</Filter>
    </ClCompile>
    <ClCompile Include="Pitfall.cpp">
      <Filter>Source Files</Filter>
    </ClCompile>
    <ClCompile Include="Pitfall.cpp">
      <Filter>Source Files\Gimmick</Filter>
    </ClCompile>
  </ItemGroup>
  <ItemGroup>
    <ClInclude Include="stdafx.h">
      <Filter>Source Files</Filter>
    </ClInclude>
    <ClInclude Include="GameCamera.h">
      <Filter>Source Files</Filter>
    </ClInclude>
    <ClInclude Include="Player.h">
      <Filter>Source Files</Filter>
    </ClInclude>
    <ClInclude Include="sky.h">
      <Filter>Source Files</Filter>
    </ClInclude>
    <ClInclude Include="Title.h">
      <Filter>Source Files\Title</Filter>
    </ClInclude>
    <ClInclude Include="Bomb.h">
      <Filter>Source Files\Item</Filter>
    </ClInclude>
    <ClInclude Include="HealingApple.h">
      <Filter>Source Files\Item</Filter>
    </ClInclude>
    <ClInclude Include="DebuffItem.h">
      <Filter>Source Files\Item</Filter>
    </ClInclude>
    <ClInclude Include="ItemBox.h">
      <Filter>Source Files\Item</Filter>
    </ClInclude>
    <ClInclude Include="Map.h">
      <Filter>Source Files\map</Filter>
    </ClInclude>
    <ClInclude Include="MapChip.h">
      <Filter>Source Files\map</Filter>
    </ClInclude>
    <ClInclude Include="HelmetLight.h">
      <Filter>Source Files\Item</Filter>
    </ClInclude>
    <ClInclude Include="HPBar.h">
      <Filter>Source Files</Filter>
    </ClInclude>
    <ClInclude Include="ItemShow.h">
      <Filter>Source Files</Filter>
    </ClInclude>
    <ClInclude Include="Pitfall.h">
      <Filter>Source Files</Filter>
    </ClInclude>
    <ClInclude Include="Pitfall.h">
      <Filter>Source Files\Gimmick</Filter>
    </ClInclude>
  </ItemGroup>
</Project>